
Microsoft Visual Studio Solution File, Format Version 12.00
# Visual Studio 2012
Project("{FAE04EC0-301F-11D3-BF4B-00C04F79EFBC}") = "My_Bittrex", "My_Bittrex\My_Bittrex.csproj", "{ECE63575-17D1-47F6-AFAE-0E720471E738}"
EndProject
Global
	GlobalSection(SolutionConfigurationPlatforms) = preSolution
		Debug|x86 = Debug|x86
		Release|x86 = Release|x86
	EndGlobalSection
	GlobalSection(ProjectConfigurationPlatforms) = postSolution
		{ECE63575-17D1-47F6-AFAE-0E720471E738}.Debug|x86.ActiveCfg = Debug|x86
		{ECE63575-17D1-47F6-AFAE-0E720471E738}.Debug|x86.Build.0 = Debug|x86
		{ECE63575-17D1-47F6-AFAE-0E720471E738}.Release|x86.ActiveCfg = Release|x86
		{ECE63575-17D1-47F6-AFAE-0E720471E738}.Release|x86.Build.0 = Release|x86
	EndGlobalSection
EndGlobal
